// !$*UTF8*$!
{
	archiveVersion = 1;
	classes = {
	};
	objectVersion = 55;
	objects = {

/* Begin PBXBuildFile section */
		0631C9C228E3542A0075D03A /* DailyWeatherApp.swift in Sources */ = {isa = PBXBuildFile; fileRef = 0631C9C128E3542A0075D03A /* DailyWeatherApp.swift */; };
		0631C9C628E3542C0075D03A /* Assets.xcassets in Resources */ = {isa = PBXBuildFile; fileRef = 0631C9C528E3542C0075D03A /* Assets.xcassets */; };
		0631C9C928E3542C0075D03A /* Preview Assets.xcassets in Resources */ = {isa = PBXBuildFile; fileRef = 0631C9C828E3542C0075D03A /* Preview Assets.xcassets */; };
		0631C9D328E3542C0075D03A /* DailyWeatherTests.swift in Sources */ = {isa = PBXBuildFile; fileRef = 0631C9D228E3542C0075D03A /* DailyWeatherTests.swift */; };
		0631C9DD28E3542C0075D03A /* DailyWeatherUITests.swift in Sources */ = {isa = PBXBuildFile; fileRef = 0631C9DC28E3542C0075D03A /* DailyWeatherUITests.swift */; };
		0631C9DF28E3542C0075D03A /* DailyWeatherUITestsLaunchTests.swift in Sources */ = {isa = PBXBuildFile; fileRef = 0631C9DE28E3542C0075D03A /* DailyWeatherUITestsLaunchTests.swift */; };
		0631C9F328EE6AFC0075D03A /* CurrentWeatherM.swift in Sources */ = {isa = PBXBuildFile; fileRef = 0631C9F228EE6AFC0075D03A /* CurrentWeatherM.swift */; };
		0631C9F728EE6FD50075D03A /* CurrentWeatherVM.swift in Sources */ = {isa = PBXBuildFile; fileRef = 0631C9F628EE6FD50075D03A /* CurrentWeatherVM.swift */; };
		0631CA09290828730075D03A /* WelcomeV.swift in Sources */ = {isa = PBXBuildFile; fileRef = 0631CA08290828730075D03A /* WelcomeV.swift */; };
		0631CA0B2910B2EA0075D03A /* SplashScreenV.swift in Sources */ = {isa = PBXBuildFile; fileRef = 0631CA0A2910B2EA0075D03A /* SplashScreenV.swift */; };
		06831B9A29123C9C008BA4A3 /* ForecastM.swift in Sources */ = {isa = PBXBuildFile; fileRef = 06831B9929123C9C008BA4A3 /* ForecastM.swift */; };
		06831B9C2912428C008BA4A3 /* ForecastVM.swift in Sources */ = {isa = PBXBuildFile; fileRef = 06831B9B2912428C008BA4A3 /* ForecastVM.swift */; };
		06831B9E291242E7008BA4A3 /* ForecastVRow.swift in Sources */ = {isa = PBXBuildFile; fileRef = 06831B9D291242E7008BA4A3 /* ForecastVRow.swift */; };
		06831BA029124663008BA4A3 /* ForecastV.swift in Sources */ = {isa = PBXBuildFile; fileRef = 06831B9F29124663008BA4A3 /* ForecastV.swift */; };
		06831C23291CDF53008BA4A3 /* MainView2.swift in Sources */ = {isa = PBXBuildFile; fileRef = 06831C22291CDF53008BA4A3 /* MainView2.swift */; };
		06CD8728292324DA00D3BEE4 /* SearchV2.swift in Sources */ = {isa = PBXBuildFile; fileRef = 06CD8727292324DA00D3BEE4 /* SearchV2.swift */; };
		06CD872A2923541F00D3BEE4 /* SearchListM.swift in Sources */ = {isa = PBXBuildFile; fileRef = 06CD87292923541F00D3BEE4 /* SearchListM.swift */; };
		06CD872C2923549C00D3BEE4 /* SearchListVM.swift in Sources */ = {isa = PBXBuildFile; fileRef = 06CD872B2923549C00D3BEE4 /* SearchListVM.swift */; };
		06CD872E2923807600D3BEE4 /* SearchListRowV.swift in Sources */ = {isa = PBXBuildFile; fileRef = 06CD872D2923807600D3BEE4 /* SearchListRowV.swift */; };
		F74C6504291BFF8000C43089 /* ForecastService.swift in Sources */ = {isa = PBXBuildFile; fileRef = F74C6503291BFF8000C43089 /* ForecastService.swift */; };
		F74C6512292F521400C43089 /* Strings+Generated.swift in Sources */ = {isa = PBXBuildFile; fileRef = F74C6511292F521400C43089 /* Strings+Generated.swift */; };
		F74C6513292F534700C43089 /* Localizable.strings in Resources */ = {isa = PBXBuildFile; fileRef = F74C6515292F534700C43089 /* Localizable.strings */; };
		F74C651B292F5E5900C43089 /* Resources.strings in Resources */ = {isa = PBXBuildFile; fileRef = F74C651A292F5E5900C43089 /* Resources.strings */; };
		F7D969BF28F78E5F0073A9D7 /* CurrentWeatherService.swift in Sources */ = {isa = PBXBuildFile; fileRef = F7D969BE28F78E5F0073A9D7 /* CurrentWeatherService.swift */; };
		F7D969C228F78EA20073A9D7 /* NetworkingManager.swift in Sources */ = {isa = PBXBuildFile; fileRef = F7D969C128F78EA20073A9D7 /* NetworkingManager.swift */; };
		F7D969C628F792B50073A9D7 /* PreviewProvider.swift in Sources */ = {isa = PBXBuildFile; fileRef = F7D969C528F792B50073A9D7 /* PreviewProvider.swift */; };
/* End PBXBuildFile section */

/* Begin PBXContainerItemProxy section */
		0631C9CF28E3542C0075D03A /* PBXContainerItemProxy */ = {
			isa = PBXContainerItemProxy;
			containerPortal = 0631C9B628E3542A0075D03A /* Project object */;
			proxyType = 1;
			remoteGlobalIDString = 0631C9BD28E3542A0075D03A;
			remoteInfo = DailyWeather;
		};
		0631C9D928E3542C0075D03A /* PBXContainerItemProxy */ = {
			isa = PBXContainerItemProxy;
			containerPortal = 0631C9B628E3542A0075D03A /* Project object */;
			proxyType = 1;
			remoteGlobalIDString = 0631C9BD28E3542A0075D03A;
			remoteInfo = DailyWeather;
		};
/* End PBXContainerItemProxy section */

/* Begin PBXFileReference section */
		0631C9BE28E3542A0075D03A /* DailyWeather.app */ = {isa = PBXFileReference; explicitFileType = wrapper.application; includeInIndex = 0; path = DailyWeather.app; sourceTree = BUILT_PRODUCTS_DIR; };
		0631C9C128E3542A0075D03A /* DailyWeatherApp.swift */ = {isa = PBXFileReference; lastKnownFileType = sourcecode.swift; path = DailyWeatherApp.swift; sourceTree = "<group>"; };
		0631C9C528E3542C0075D03A /* Assets.xcassets */ = {isa = PBXFileReference; lastKnownFileType = folder.assetcatalog; path = Assets.xcassets; sourceTree = "<group>"; };
		0631C9C828E3542C0075D03A /* Preview Assets.xcassets */ = {isa = PBXFileReference; lastKnownFileType = folder.assetcatalog; path = "Preview Assets.xcassets"; sourceTree = "<group>"; };
		0631C9CE28E3542C0075D03A /* DailyWeatherTests.xctest */ = {isa = PBXFileReference; explicitFileType = wrapper.cfbundle; includeInIndex = 0; path = DailyWeatherTests.xctest; sourceTree = BUILT_PRODUCTS_DIR; };
		0631C9D228E3542C0075D03A /* DailyWeatherTests.swift */ = {isa = PBXFileReference; lastKnownFileType = sourcecode.swift; path = DailyWeatherTests.swift; sourceTree = "<group>"; };
		0631C9D828E3542C0075D03A /* DailyWeatherUITests.xctest */ = {isa = PBXFileReference; explicitFileType = wrapper.cfbundle; includeInIndex = 0; path = DailyWeatherUITests.xctest; sourceTree = BUILT_PRODUCTS_DIR; };
		0631C9DC28E3542C0075D03A /* DailyWeatherUITests.swift */ = {isa = PBXFileReference; lastKnownFileType = sourcecode.swift; path = DailyWeatherUITests.swift; sourceTree = "<group>"; };
		0631C9DE28E3542C0075D03A /* DailyWeatherUITestsLaunchTests.swift */ = {isa = PBXFileReference; lastKnownFileType = sourcecode.swift; path = DailyWeatherUITestsLaunchTests.swift; sourceTree = "<group>"; };
		0631C9F228EE6AFC0075D03A /* CurrentWeatherM.swift */ = {isa = PBXFileReference; lastKnownFileType = sourcecode.swift; path = CurrentWeatherM.swift; sourceTree = "<group>"; };
		0631C9F628EE6FD50075D03A /* CurrentWeatherVM.swift */ = {isa = PBXFileReference; lastKnownFileType = sourcecode.swift; path = CurrentWeatherVM.swift; sourceTree = "<group>"; };
		0631CA08290828730075D03A /* WelcomeV.swift */ = {isa = PBXFileReference; lastKnownFileType = sourcecode.swift; path = WelcomeV.swift; sourceTree = "<group>"; };
		0631CA0A2910B2EA0075D03A /* SplashScreenV.swift */ = {isa = PBXFileReference; lastKnownFileType = sourcecode.swift; path = SplashScreenV.swift; sourceTree = "<group>"; };
		06831B9929123C9C008BA4A3 /* ForecastM.swift */ = {isa = PBXFileReference; lastKnownFileType = sourcecode.swift; path = ForecastM.swift; sourceTree = "<group>"; };
		06831B9B2912428C008BA4A3 /* ForecastVM.swift */ = {isa = PBXFileReference; lastKnownFileType = sourcecode.swift; path = ForecastVM.swift; sourceTree = "<group>"; };
		06831B9D291242E7008BA4A3 /* ForecastVRow.swift */ = {isa = PBXFileReference; lastKnownFileType = sourcecode.swift; path = ForecastVRow.swift; sourceTree = "<group>"; };
		06831B9F29124663008BA4A3 /* ForecastV.swift */ = {isa = PBXFileReference; lastKnownFileType = sourcecode.swift; path = ForecastV.swift; sourceTree = "<group>"; };
		06831C22291CDF53008BA4A3 /* MainView2.swift */ = {isa = PBXFileReference; lastKnownFileType = sourcecode.swift; path = MainView2.swift; sourceTree = "<group>"; };
		06CD8727292324DA00D3BEE4 /* SearchV2.swift */ = {isa = PBXFileReference; lastKnownFileType = sourcecode.swift; path = SearchV2.swift; sourceTree = "<group>"; };
		06CD87292923541F00D3BEE4 /* SearchListM.swift */ = {isa = PBXFileReference; lastKnownFileType = sourcecode.swift; path = SearchListM.swift; sourceTree = "<group>"; };
		06CD872B2923549C00D3BEE4 /* SearchListVM.swift */ = {isa = PBXFileReference; lastKnownFileType = sourcecode.swift; path = SearchListVM.swift; sourceTree = "<group>"; };
		06CD872D2923807600D3BEE4 /* SearchListRowV.swift */ = {isa = PBXFileReference; lastKnownFileType = sourcecode.swift; path = SearchListRowV.swift; sourceTree = "<group>"; };
		F74C6503291BFF8000C43089 /* ForecastService.swift */ = {isa = PBXFileReference; lastKnownFileType = sourcecode.swift; path = ForecastService.swift; sourceTree = "<group>"; };
		F74C6511292F521400C43089 /* Strings+Generated.swift */ = {isa = PBXFileReference; fileEncoding = 4; lastKnownFileType = sourcecode.swift; path = "Strings+Generated.swift"; sourceTree = "<group>"; };
		F74C6514292F534700C43089 /* en */ = {isa = PBXFileReference; lastKnownFileType = text.plist.strings; name = en; path = en.lproj/Localizable.strings; sourceTree = "<group>"; };
		F74C6519292F539200C43089 /* ja */ = {isa = PBXFileReference; lastKnownFileType = text.plist.strings; name = ja; path = ja.lproj/Localizable.strings; sourceTree = "<group>"; };
		F74C651A292F5E5900C43089 /* Resources.strings */ = {isa = PBXFileReference; lastKnownFileType = text.plist.strings; path = Resources.strings; sourceTree = "<group>"; };
		F7D969BE28F78E5F0073A9D7 /* CurrentWeatherService.swift */ = {isa = PBXFileReference; lastKnownFileType = sourcecode.swift; path = CurrentWeatherService.swift; sourceTree = "<group>"; };
		F7D969C128F78EA20073A9D7 /* NetworkingManager.swift */ = {isa = PBXFileReference; lastKnownFileType = sourcecode.swift; path = NetworkingManager.swift; sourceTree = "<group>"; };
		F7D969C528F792B50073A9D7 /* PreviewProvider.swift */ = {isa = PBXFileReference; lastKnownFileType = sourcecode.swift; path = PreviewProvider.swift; sourceTree = "<group>"; };
/* End PBXFileReference section */

/* Begin PBXFrameworksBuildPhase section */
		0631C9BB28E3542A0075D03A /* Frameworks */ = {
			isa = PBXFrameworksBuildPhase;
			buildActionMask = 2147483647;
			files = (
			);
			runOnlyForDeploymentPostprocessing = 0;
		};
		0631C9CB28E3542C0075D03A /* Frameworks */ = {
			isa = PBXFrameworksBuildPhase;
			buildActionMask = 2147483647;
			files = (
			);
			runOnlyForDeploymentPostprocessing = 0;
		};
		0631C9D528E3542C0075D03A /* Frameworks */ = {
			isa = PBXFrameworksBuildPhase;
			buildActionMask = 2147483647;
			files = (
			);
			runOnlyForDeploymentPostprocessing = 0;
		};
/* End PBXFrameworksBuildPhase section */

/* Begin PBXGroup section */
		0631C9B528E3542A0075D03A = {
			isa = PBXGroup;
			children = (
				0631C9C028E3542A0075D03A /* DailyWeather */,
				0631C9D128E3542C0075D03A /* DailyWeatherTests */,
				0631C9DB28E3542C0075D03A /* DailyWeatherUITests */,
				0631C9BF28E3542A0075D03A /* Products */,
			);
			sourceTree = "<group>";
		};
		0631C9BF28E3542A0075D03A /* Products */ = {
			isa = PBXGroup;
			children = (
				0631C9BE28E3542A0075D03A /* DailyWeather.app */,
				0631C9CE28E3542C0075D03A /* DailyWeatherTests.xctest */,
				0631C9D828E3542C0075D03A /* DailyWeatherUITests.xctest */,
			);
			name = Products;
			sourceTree = "<group>";
		};
		0631C9C028E3542A0075D03A /* DailyWeather */ = {
			isa = PBXGroup;
			children = (
				F7D969C028F78E8C0073A9D7 /* Utilities */,
				F7D969BD28F78E3F0073A9D7 /* Service */,
				F7D969C428F792A50073A9D7 /* Extensions */,
				0631C9ED28E359AA0075D03A /* ViewModel */,
				0631C9EC28E359A20075D03A /* Model */,
				0631C9EB28E359830075D03A /* View */,
				0631C9C128E3542A0075D03A /* DailyWeatherApp.swift */,
				0631C9C528E3542C0075D03A /* Assets.xcassets */,
				0631C9C728E3542C0075D03A /* Preview Content */,
				F74C650A292F4EDF00C43089 /* Localizable */,
			);
			path = DailyWeather;
			sourceTree = "<group>";
		};
		0631C9C728E3542C0075D03A /* Preview Content */ = {
			isa = PBXGroup;
			children = (
				0631C9C828E3542C0075D03A /* Preview Assets.xcassets */,
			);
			path = "Preview Content";
			sourceTree = "<group>";
		};
		0631C9D128E3542C0075D03A /* DailyWeatherTests */ = {
			isa = PBXGroup;
			children = (
				0631C9D228E3542C0075D03A /* DailyWeatherTests.swift */,
			);
			path = DailyWeatherTests;
			sourceTree = "<group>";
		};
		0631C9DB28E3542C0075D03A /* DailyWeatherUITests */ = {
			isa = PBXGroup;
			children = (
				0631C9DC28E3542C0075D03A /* DailyWeatherUITests.swift */,
				0631C9DE28E3542C0075D03A /* DailyWeatherUITestsLaunchTests.swift */,
			);
			path = DailyWeatherUITests;
			sourceTree = "<group>";
		};
		0631C9EB28E359830075D03A /* View */ = {
			isa = PBXGroup;
			children = (
				0631C9EE28E359EC0075D03A /* Main */,
			);
			path = View;
			sourceTree = "<group>";
		};
		0631C9EC28E359A20075D03A /* Model */ = {
			isa = PBXGroup;
			children = (
				0631C9F228EE6AFC0075D03A /* CurrentWeatherM.swift */,
				06831B9929123C9C008BA4A3 /* ForecastM.swift */,
				06CD87292923541F00D3BEE4 /* SearchListM.swift */,
			);
			path = Model;
			sourceTree = "<group>";
		};
		0631C9ED28E359AA0075D03A /* ViewModel */ = {
			isa = PBXGroup;
			children = (
				0631C9F628EE6FD50075D03A /* CurrentWeatherVM.swift */,
				06CD872B2923549C00D3BEE4 /* SearchListVM.swift */,
				06831B9B2912428C008BA4A3 /* ForecastVM.swift */,
			);
			path = ViewModel;
			sourceTree = "<group>";
		};
		0631C9EE28E359EC0075D03A /* Main */ = {
			isa = PBXGroup;
			children = (
				06831B9F29124663008BA4A3 /* ForecastV.swift */,
				06831B9D291242E7008BA4A3 /* ForecastVRow.swift */,
				0631CA08290828730075D03A /* WelcomeV.swift */,
				0631CA0A2910B2EA0075D03A /* SplashScreenV.swift */,
				06831C22291CDF53008BA4A3 /* MainView2.swift */,
				06CD8727292324DA00D3BEE4 /* SearchV2.swift */,
				06CD872D2923807600D3BEE4 /* SearchListRowV.swift */,
			);
			path = Main;
			sourceTree = "<group>";
		};
		F74C650A292F4EDF00C43089 /* Localizable */ = {
			isa = PBXGroup;
			children = (
				F74C6511292F521400C43089 /* Strings+Generated.swift */,
				F74C6515292F534700C43089 /* Localizable.strings */,
				F74C651A292F5E5900C43089 /* Resources.strings */,
			);
			path = Localizable;
			sourceTree = "<group>";
		};
		F7D969BD28F78E3F0073A9D7 /* Service */ = {
			isa = PBXGroup;
			children = (
				F7D969BE28F78E5F0073A9D7 /* CurrentWeatherService.swift */,
				F74C6503291BFF8000C43089 /* ForecastService.swift */,
			);
			path = Service;
			sourceTree = "<group>";
		};
		F7D969C028F78E8C0073A9D7 /* Utilities */ = {
			isa = PBXGroup;
			children = (
				F7D969C128F78EA20073A9D7 /* NetworkingManager.swift */,
			);
			path = Utilities;
			sourceTree = "<group>";
		};
		F7D969C428F792A50073A9D7 /* Extensions */ = {
			isa = PBXGroup;
			children = (
				F7D969C528F792B50073A9D7 /* PreviewProvider.swift */,
			);
			path = Extensions;
			sourceTree = "<group>";
		};
/* End PBXGroup section */

/* Begin PBXNativeTarget section */
		0631C9BD28E3542A0075D03A /* DailyWeather */ = {
			isa = PBXNativeTarget;
			buildConfigurationList = 0631C9E228E3542C0075D03A /* Build configuration list for PBXNativeTarget "DailyWeather" */;
			buildPhases = (
				0631C9BA28E3542A0075D03A /* Sources */,
				0631C9BB28E3542A0075D03A /* Frameworks */,
				0631C9BC28E3542A0075D03A /* Resources */,
			);
			buildRules = (
			);
			dependencies = (
			);
			name = DailyWeather;
			productName = DailyWeather;
			productReference = 0631C9BE28E3542A0075D03A /* DailyWeather.app */;
			productType = "com.apple.product-type.application";
		};
		0631C9CD28E3542C0075D03A /* DailyWeatherTests */ = {
			isa = PBXNativeTarget;
			buildConfigurationList = 0631C9E528E3542C0075D03A /* Build configuration list for PBXNativeTarget "DailyWeatherTests" */;
			buildPhases = (
				0631C9CA28E3542C0075D03A /* Sources */,
				0631C9CB28E3542C0075D03A /* Frameworks */,
				0631C9CC28E3542C0075D03A /* Resources */,
			);
			buildRules = (
			);
			dependencies = (
				0631C9D028E3542C0075D03A /* PBXTargetDependency */,
			);
			name = DailyWeatherTests;
			productName = DailyWeatherTests;
			productReference = 0631C9CE28E3542C0075D03A /* DailyWeatherTests.xctest */;
			productType = "com.apple.product-type.bundle.unit-test";
		};
		0631C9D728E3542C0075D03A /* DailyWeatherUITests */ = {
			isa = PBXNativeTarget;
			buildConfigurationList = 0631C9E828E3542C0075D03A /* Build configuration list for PBXNativeTarget "DailyWeatherUITests" */;
			buildPhases = (
				0631C9D428E3542C0075D03A /* Sources */,
				0631C9D528E3542C0075D03A /* Frameworks */,
				0631C9D628E3542C0075D03A /* Resources */,
			);
			buildRules = (
			);
			dependencies = (
				0631C9DA28E3542C0075D03A /* PBXTargetDependency */,
			);
			name = DailyWeatherUITests;
			productName = DailyWeatherUITests;
			productReference = 0631C9D828E3542C0075D03A /* DailyWeatherUITests.xctest */;
			productType = "com.apple.product-type.bundle.ui-testing";
		};
/* End PBXNativeTarget section */

/* Begin PBXProject section */
		0631C9B628E3542A0075D03A /* Project object */ = {
			isa = PBXProject;
			attributes = {
				BuildIndependentTargetsInParallel = 1;
				LastSwiftUpdateCheck = 1340;
				LastUpgradeCheck = 1340;
				TargetAttributes = {
					0631C9BD28E3542A0075D03A = {
						CreatedOnToolsVersion = 13.4.1;
					};
					0631C9CD28E3542C0075D03A = {
						CreatedOnToolsVersion = 13.4.1;
						TestTargetID = 0631C9BD28E3542A0075D03A;
					};
					0631C9D728E3542C0075D03A = {
						CreatedOnToolsVersion = 13.4.1;
						TestTargetID = 0631C9BD28E3542A0075D03A;
					};
				};
			};
			buildConfigurationList = 0631C9B928E3542A0075D03A /* Build configuration list for PBXProject "DailyWeather" */;
			compatibilityVersion = "Xcode 13.0";
			developmentRegion = en;
			hasScannedForEncodings = 0;
			knownRegions = (
				en,
				Base,
				ja,
			);
			mainGroup = 0631C9B528E3542A0075D03A;
			productRefGroup = 0631C9BF28E3542A0075D03A /* Products */;
			projectDirPath = "";
			projectRoot = "";
			targets = (
				0631C9BD28E3542A0075D03A /* DailyWeather */,
				0631C9CD28E3542C0075D03A /* DailyWeatherTests */,
				0631C9D728E3542C0075D03A /* DailyWeatherUITests */,
			);
		};
/* End PBXProject section */

/* Begin PBXResourcesBuildPhase section */
		0631C9BC28E3542A0075D03A /* Resources */ = {
			isa = PBXResourcesBuildPhase;
			buildActionMask = 2147483647;
			files = (
				F74C651B292F5E5900C43089 /* Resources.strings in Resources */,
				0631C9C928E3542C0075D03A /* Preview Assets.xcassets in Resources */,
				F74C6513292F534700C43089 /* Localizable.strings in Resources */,
				0631C9C628E3542C0075D03A /* Assets.xcassets in Resources */,
			);
			runOnlyForDeploymentPostprocessing = 0;
		};
		0631C9CC28E3542C0075D03A /* Resources */ = {
			isa = PBXResourcesBuildPhase;
			buildActionMask = 2147483647;
			files = (
			);
			runOnlyForDeploymentPostprocessing = 0;
		};
		0631C9D628E3542C0075D03A /* Resources */ = {
			isa = PBXResourcesBuildPhase;
			buildActionMask = 2147483647;
			files = (
			);
			runOnlyForDeploymentPostprocessing = 0;
		};
/* End PBXResourcesBuildPhase section */

/* Begin PBXSourcesBuildPhase section */
		0631C9BA28E3542A0075D03A /* Sources */ = {
			isa = PBXSourcesBuildPhase;
			buildActionMask = 2147483647;
			files = (
				06831BA029124663008BA4A3 /* ForecastV.swift in Sources */,
				F74C6512292F521400C43089 /* Strings+Generated.swift in Sources */,
				06CD8728292324DA00D3BEE4 /* SearchV2.swift in Sources */,
				0631C9F728EE6FD50075D03A /* CurrentWeatherVM.swift in Sources */,
				06831C23291CDF53008BA4A3 /* MainView2.swift in Sources */,
				06831B9E291242E7008BA4A3 /* ForecastVRow.swift in Sources */,
				0631C9F328EE6AFC0075D03A /* CurrentWeatherM.swift in Sources */,
				0631CA09290828730075D03A /* WelcomeV.swift in Sources */,
				06CD872C2923549C00D3BEE4 /* SearchListVM.swift in Sources */,
				F74C6504291BFF8000C43089 /* ForecastService.swift in Sources */,
				06831B9C2912428C008BA4A3 /* ForecastVM.swift in Sources */,
				06831B9A29123C9C008BA4A3 /* ForecastM.swift in Sources */,
				F7D969C228F78EA20073A9D7 /* NetworkingManager.swift in Sources */,
				0631C9C228E3542A0075D03A /* DailyWeatherApp.swift in Sources */,
				06CD872E2923807600D3BEE4 /* SearchListRowV.swift in Sources */,
				F7D969C628F792B50073A9D7 /* PreviewProvider.swift in Sources */,
				0631CA0B2910B2EA0075D03A /* SplashScreenV.swift in Sources */,
				06CD872A2923541F00D3BEE4 /* SearchListM.swift in Sources */,
				F7D969BF28F78E5F0073A9D7 /* CurrentWeatherService.swift in Sources */,
			);
			runOnlyForDeploymentPostprocessing = 0;
		};
		0631C9CA28E3542C0075D03A /* Sources */ = {
			isa = PBXSourcesBuildPhase;
			buildActionMask = 2147483647;
			files = (
				0631C9D328E3542C0075D03A /* DailyWeatherTests.swift in Sources */,
			);
			runOnlyForDeploymentPostprocessing = 0;
		};
		0631C9D428E3542C0075D03A /* Sources */ = {
			isa = PBXSourcesBuildPhase;
			buildActionMask = 2147483647;
			files = (
				0631C9DD28E3542C0075D03A /* DailyWeatherUITests.swift in Sources */,
				0631C9DF28E3542C0075D03A /* DailyWeatherUITestsLaunchTests.swift in Sources */,
			);
			runOnlyForDeploymentPostprocessing = 0;
		};
/* End PBXSourcesBuildPhase section */

/* Begin PBXTargetDependency section */
		0631C9D028E3542C0075D03A /* PBXTargetDependency */ = {
			isa = PBXTargetDependency;
			target = 0631C9BD28E3542A0075D03A /* DailyWeather */;
			targetProxy = 0631C9CF28E3542C0075D03A /* PBXContainerItemProxy */;
		};
		0631C9DA28E3542C0075D03A /* PBXTargetDependency */ = {
			isa = PBXTargetDependency;
			target = 0631C9BD28E3542A0075D03A /* DailyWeather */;
			targetProxy = 0631C9D928E3542C0075D03A /* PBXContainerItemProxy */;
		};
/* End PBXTargetDependency section */

/* Begin PBXVariantGroup section */
		F74C6515292F534700C43089 /* Localizable.strings */ = {
			isa = PBXVariantGroup;
			children = (
				F74C6514292F534700C43089 /* en */,
				F74C6519292F539200C43089 /* ja */,
			);
			name = Localizable.strings;
			sourceTree = "<group>";
		};
/* End PBXVariantGroup section */

/* Begin XCBuildConfiguration section */
		0631C9E028E3542C0075D03A /* Debug */ = {
			isa = XCBuildConfiguration;
			buildSettings = {
				ALWAYS_SEARCH_USER_PATHS = NO;
				CLANG_ANALYZER_LOCALIZABILITY_NONLOCALIZED = YES;
				CLANG_ANALYZER_NONNULL = YES;
				CLANG_ANALYZER_NUMBER_OBJECT_CONVERSION = YES_AGGRESSIVE;
				CLANG_CXX_LANGUAGE_STANDARD = "gnu++17";
				CLANG_ENABLE_MODULES = YES;
				CLANG_ENABLE_OBJC_ARC = YES;
				CLANG_ENABLE_OBJC_WEAK = YES;
				CLANG_WARN_BLOCK_CAPTURE_AUTORELEASING = YES;
				CLANG_WARN_BOOL_CONVERSION = YES;
				CLANG_WARN_COMMA = YES;
				CLANG_WARN_CONSTANT_CONVERSION = YES;
				CLANG_WARN_DEPRECATED_OBJC_IMPLEMENTATIONS = YES;
				CLANG_WARN_DIRECT_OBJC_ISA_USAGE = YES_ERROR;
				CLANG_WARN_DOCUMENTATION_COMMENTS = YES;
				CLANG_WARN_EMPTY_BODY = YES;
				CLANG_WARN_ENUM_CONVERSION = YES;
				CLANG_WARN_INFINITE_RECURSION = YES;
				CLANG_WARN_INT_CONVERSION = YES;
				CLANG_WARN_NON_LITERAL_NULL_CONVERSION = YES;
				CLANG_WARN_OBJC_IMPLICIT_RETAIN_SELF = YES;
				CLANG_WARN_OBJC_LITERAL_CONVERSION = YES;
				CLANG_WARN_OBJC_ROOT_CLASS = YES_ERROR;
				CLANG_WARN_QUOTED_INCLUDE_IN_FRAMEWORK_HEADER = YES;
				CLANG_WARN_RANGE_LOOP_ANALYSIS = YES;
				CLANG_WARN_STRICT_PROTOTYPES = YES;
				CLANG_WARN_SUSPICIOUS_MOVE = YES;
				CLANG_WARN_UNGUARDED_AVAILABILITY = YES_AGGRESSIVE;
				CLANG_WARN_UNREACHABLE_CODE = YES;
				CLANG_WARN__DUPLICATE_METHOD_MATCH = YES;
				COPY_PHASE_STRIP = NO;
				DEBUG_INFORMATION_FORMAT = dwarf;
				ENABLE_STRICT_OBJC_MSGSEND = YES;
				ENABLE_TESTABILITY = YES;
				GCC_C_LANGUAGE_STANDARD = gnu11;
				GCC_DYNAMIC_NO_PIC = NO;
				GCC_NO_COMMON_BLOCKS = YES;
				GCC_OPTIMIZATION_LEVEL = 0;
				GCC_PREPROCESSOR_DEFINITIONS = (
					"DEBUG=1",
					"$(inherited)",
				);
				GCC_WARN_64_TO_32_BIT_CONVERSION = YES;
				GCC_WARN_ABOUT_RETURN_TYPE = YES_ERROR;
				GCC_WARN_UNDECLARED_SELECTOR = YES;
				GCC_WARN_UNINITIALIZED_AUTOS = YES_AGGRESSIVE;
				GCC_WARN_UNUSED_FUNCTION = YES;
				GCC_WARN_UNUSED_VARIABLE = YES;
				IPHONEOS_DEPLOYMENT_TARGET = 15.5;
				MTL_ENABLE_DEBUG_INFO = INCLUDE_SOURCE;
				MTL_FAST_MATH = YES;
				ONLY_ACTIVE_ARCH = YES;
				SDKROOT = iphoneos;
				SWIFT_ACTIVE_COMPILATION_CONDITIONS = DEBUG;
				SWIFT_OPTIMIZATION_LEVEL = "-Onone";
			};
			name = Debug;
		};
		0631C9E128E3542C0075D03A /* Release */ = {
			isa = XCBuildConfiguration;
			buildSettings = {
				ALWAYS_SEARCH_USER_PATHS = NO;
				CLANG_ANALYZER_LOCALIZABILITY_NONLOCALIZED = YES;
				CLANG_ANALYZER_NONNULL = YES;
				CLANG_ANALYZER_NUMBER_OBJECT_CONVERSION = YES_AGGRESSIVE;
				CLANG_CXX_LANGUAGE_STANDARD = "gnu++17";
				CLANG_ENABLE_MODULES = YES;
				CLANG_ENABLE_OBJC_ARC = YES;
				CLANG_ENABLE_OBJC_WEAK = YES;
				CLANG_WARN_BLOCK_CAPTURE_AUTORELEASING = YES;
				CLANG_WARN_BOOL_CONVERSION = YES;
				CLANG_WARN_COMMA = YES;
				CLANG_WARN_CONSTANT_CONVERSION = YES;
				CLANG_WARN_DEPRECATED_OBJC_IMPLEMENTATIONS = YES;
				CLANG_WARN_DIRECT_OBJC_ISA_USAGE = YES_ERROR;
				CLANG_WARN_DOCUMENTATION_COMMENTS = YES;
				CLANG_WARN_EMPTY_BODY = YES;
				CLANG_WARN_ENUM_CONVERSION = YES;
				CLANG_WARN_INFINITE_RECURSION = YES;
				CLANG_WARN_INT_CONVERSION = YES;
				CLANG_WARN_NON_LITERAL_NULL_CONVERSION = YES;
				CLANG_WARN_OBJC_IMPLICIT_RETAIN_SELF = YES;
				CLANG_WARN_OBJC_LITERAL_CONVERSION = YES;
				CLANG_WARN_OBJC_ROOT_CLASS = YES_ERROR;
				CLANG_WARN_QUOTED_INCLUDE_IN_FRAMEWORK_HEADER = YES;
				CLANG_WARN_RANGE_LOOP_ANALYSIS = YES;
				CLANG_WARN_STRICT_PROTOTYPES = YES;
				CLANG_WARN_SUSPICIOUS_MOVE = YES;
				CLANG_WARN_UNGUARDED_AVAILABILITY = YES_AGGRESSIVE;
				CLANG_WARN_UNREACHABLE_CODE = YES;
				CLANG_WARN__DUPLICATE_METHOD_MATCH = YES;
				COPY_PHASE_STRIP = NO;
				DEBUG_INFORMATION_FORMAT = "dwarf-with-dsym";
				ENABLE_NS_ASSERTIONS = NO;
				ENABLE_STRICT_OBJC_MSGSEND = YES;
				GCC_C_LANGUAGE_STANDARD = gnu11;
				GCC_NO_COMMON_BLOCKS = YES;
				GCC_WARN_64_TO_32_BIT_CONVERSION = YES;
				GCC_WARN_ABOUT_RETURN_TYPE = YES_ERROR;
				GCC_WARN_UNDECLARED_SELECTOR = YES;
				GCC_WARN_UNINITIALIZED_AUTOS = YES_AGGRESSIVE;
				GCC_WARN_UNUSED_FUNCTION = YES;
				GCC_WARN_UNUSED_VARIABLE = YES;
				IPHONEOS_DEPLOYMENT_TARGET = 15.5;
				MTL_ENABLE_DEBUG_INFO = NO;
				MTL_FAST_MATH = YES;
				SDKROOT = iphoneos;
				SWIFT_COMPILATION_MODE = wholemodule;
				SWIFT_OPTIMIZATION_LEVEL = "-O";
				VALIDATE_PRODUCT = YES;
			};
			name = Release;
		};
		0631C9E328E3542C0075D03A /* Debug */ = {
			isa = XCBuildConfiguration;
			buildSettings = {
				ASSETCATALOG_COMPILER_APPICON_NAME = AppIcon;
				ASSETCATALOG_COMPILER_GLOBAL_ACCENT_COLOR_NAME = AccentColor;
				CODE_SIGN_IDENTITY = "Apple Development";
				CODE_SIGN_STYLE = Automatic;
				CURRENT_PROJECT_VERSION = 1;
				DEVELOPMENT_ASSET_PATHS = "\"DailyWeather/Preview Content\"";
				DEVELOPMENT_TEAM = "";
				ENABLE_PREVIEWS = YES;
				GENERATE_INFOPLIST_FILE = YES;
				INFOPLIST_KEY_UIApplicationSceneManifest_Generation = YES;
				INFOPLIST_KEY_UIApplicationSupportsIndirectInputEvents = YES;
				INFOPLIST_KEY_UILaunchScreen_Generation = YES;
				INFOPLIST_KEY_UISupportedInterfaceOrientations_iPad = "UIInterfaceOrientationPortrait UIInterfaceOrientationPortraitUpsideDown UIInterfaceOrientationLandscapeLeft UIInterfaceOrientationLandscapeRight";
				INFOPLIST_KEY_UISupportedInterfaceOrientations_iPhone = "UIInterfaceOrientationPortrait UIInterfaceOrientationLandscapeLeft UIInterfaceOrientationLandscapeRight";
				LD_RUNPATH_SEARCH_PATHS = (
					"$(inherited)",
					"@executable_path/Frameworks",
				);
				MARKETING_VERSION = 1.0;
				PRODUCT_BUNDLE_IDENTIFIER = com.practice.DailyWeather;
				PRODUCT_NAME = "$(TARGET_NAME)";
				PROVISIONING_PROFILE_SPECIFIER = "";
				SWIFT_EMIT_LOC_STRINGS = YES;
				SWIFT_VERSION = 5.0;
				TARGETED_DEVICE_FAMILY = "1,2";
			};
			name = Debug;
		};
		0631C9E428E3542C0075D03A /* Release */ = {
			isa = XCBuildConfiguration;
			buildSettings = {
				ASSETCATALOG_COMPILER_APPICON_NAME = AppIcon;
				ASSETCATALOG_COMPILER_GLOBAL_ACCENT_COLOR_NAME = AccentColor;
				CODE_SIGN_IDENTITY = "Apple Development";
				CODE_SIGN_STYLE = Automatic;
				CURRENT_PROJECT_VERSION = 1;
				DEVELOPMENT_ASSET_PATHS = "\"DailyWeather/Preview Content\"";
				DEVELOPMENT_TEAM = "";
				ENABLE_PREVIEWS = YES;
				GENERATE_INFOPLIST_FILE = YES;
				INFOPLIST_KEY_UIApplicationSceneManifest_Generation = YES;
				INFOPLIST_KEY_UIApplicationSupportsIndirectInputEvents = YES;
				INFOPLIST_KEY_UILaunchScreen_Generation = YES;
				INFOPLIST_KEY_UISupportedInterfaceOrientations_iPad = "UIInterfaceOrientationPortrait UIInterfaceOrientationPortraitUpsideDown UIInterfaceOrientationLandscapeLeft UIInterfaceOrientationLandscapeRight";
				INFOPLIST_KEY_UISupportedInterfaceOrientations_iPhone = "UIInterfaceOrientationPortrait UIInterfaceOrientationLandscapeLeft UIInterfaceOrientationLandscapeRight";
				LD_RUNPATH_SEARCH_PATHS = (
					"$(inherited)",
					"@executable_path/Frameworks",
				);
				MARKETING_VERSION = 1.0;
				PRODUCT_BUNDLE_IDENTIFIER = com.practice.DailyWeather;
				PRODUCT_NAME = "$(TARGET_NAME)";
				PROVISIONING_PROFILE_SPECIFIER = "";
				SWIFT_EMIT_LOC_STRINGS = YES;
				SWIFT_VERSION = 5.0;
				TARGETED_DEVICE_FAMILY = "1,2";
			};
			name = Release;
		};
		0631C9E628E3542C0075D03A /* Debug */ = {
			isa = XCBuildConfiguration;
			buildSettings = {
				ALWAYS_EMBED_SWIFT_STANDARD_LIBRARIES = YES;
				BUNDLE_LOADER = "$(TEST_HOST)";
				CODE_SIGN_STYLE = Automatic;
				CURRENT_PROJECT_VERSION = 1;
				DEVELOPMENT_TEAM = UGFP3W9FTD;
				GENERATE_INFOPLIST_FILE = YES;
				IPHONEOS_DEPLOYMENT_TARGET = 15.5;
				MARKETING_VERSION = 1.0;
				PRODUCT_BUNDLE_IDENTIFIER = com.practice.DailyWeatherTests;
				PRODUCT_NAME = "$(TARGET_NAME)";
				SWIFT_EMIT_LOC_STRINGS = NO;
				SWIFT_VERSION = 5.0;
				TARGETED_DEVICE_FAMILY = "1,2";
				TEST_HOST = "$(BUILT_PRODUCTS_DIR)/DailyWeather.app/DailyWeather";
			};
			name = Debug;
		};
		0631C9E728E3542C0075D03A /* Release */ = {
			isa = XCBuildConfiguration;
			buildSettings = {
				ALWAYS_EMBED_SWIFT_STANDARD_LIBRARIES = YES;
				BUNDLE_LOADER = "$(TEST_HOST)";
				CODE_SIGN_STYLE = Automatic;
				CURRENT_PROJECT_VERSION = 1;
				DEVELOPMENT_TEAM = UGFP3W9FTD;
				GENERATE_INFOPLIST_FILE = YES;
				IPHONEOS_DEPLOYMENT_TARGET = 15.5;
				MARKETING_VERSION = 1.0;
				PRODUCT_BUNDLE_IDENTIFIER = com.practice.DailyWeatherTests;
				PRODUCT_NAME = "$(TARGET_NAME)";
				SWIFT_EMIT_LOC_STRINGS = NO;
				SWIFT_VERSION = 5.0;
				TARGETED_DEVICE_FAMILY = "1,2";
				TEST_HOST = "$(BUILT_PRODUCTS_DIR)/DailyWeather.app/DailyWeather";
			};
			name = Release;
		};
		0631C9E928E3542C0075D03A /* Debug */ = {
			isa = XCBuildConfiguration;
			buildSettings = {
				ALWAYS_EMBED_SWIFT_STANDARD_LIBRARIES = YES;
				CODE_SIGN_STYLE = Automatic;
				CURRENT_PROJECT_VERSION = 1;
				DEVELOPMENT_TEAM = UGFP3W9FTD;
				GENERATE_INFOPLIST_FILE = YES;
				MARKETING_VERSION = 1.0;
				PRODUCT_BUNDLE_IDENTIFIER = com.practice.DailyWeatherUITests;
				PRODUCT_NAME = "$(TARGET_NAME)";
				SWIFT_EMIT_LOC_STRINGS = NO;
				SWIFT_VERSION = 5.0;
				TARGETED_DEVICE_FAMILY = "1,2";
				TEST_TARGET_NAME = DailyWeather;
			};
			name = Debug;
		};
		0631C9EA28E3542C0075D03A /* Release */ = {
			isa = XCBuildConfiguration;
			buildSettings = {
				ALWAYS_EMBED_SWIFT_STANDARD_LIBRARIES = YES;
				CODE_SIGN_STYLE = Automatic;
				CURRENT_PROJECT_VERSION = 1;
				DEVELOPMENT_TEAM = UGFP3W9FTD;
				GENERATE_INFOPLIST_FILE = YES;
				MARKETING_VERSION = 1.0;
				PRODUCT_BUNDLE_IDENTIFIER = com.practice.DailyWeatherUITests;
				PRODUCT_NAME = "$(TARGET_NAME)";
				SWIFT_EMIT_LOC_STRINGS = NO;
				SWIFT_VERSION = 5.0;
				TARGETED_DEVICE_FAMILY = "1,2";
				TEST_TARGET_NAME = DailyWeather;
			};
			name = Release;
		};
/* End XCBuildConfiguration section */

/* Begin XCConfigurationList section */
		0631C9B928E3542A0075D03A /* Build configuration list for PBXProject "DailyWeather" */ = {
			isa = XCConfigurationList;
			buildConfigurations = (
				0631C9E028E3542C0075D03A /* Debug */,
				0631C9E128E3542C0075D03A /* Release */,
			);
			defaultConfigurationIsVisible = 0;
			defaultConfigurationName = Release;
		};
		0631C9E228E3542C0075D03A /* Build configuration list for PBXNativeTarget "DailyWeather" */ = {
			isa = XCConfigurationList;
			buildConfigurations = (
				0631C9E328E3542C0075D03A /* Debug */,
				0631C9E428E3542C0075D03A /* Release */,
			);
			defaultConfigurationIsVisible = 0;
			defaultConfigurationName = Release;
		};
		0631C9E528E3542C0075D03A /* Build configuration list for PBXNativeTarget "DailyWeatherTests" */ = {
			isa = XCConfigurationList;
			buildConfigurations = (
				0631C9E628E3542C0075D03A /* Debug */,
				0631C9E728E3542C0075D03A /* Release */,
			);
			defaultConfigurationIsVisible = 0;
			defaultConfigurationName = Release;
		};
		0631C9E828E3542C0075D03A /* Build configuration list for PBXNativeTarget "DailyWeatherUITests" */ = {
			isa = XCConfigurationList;
			buildConfigurations = (
				0631C9E928E3542C0075D03A /* Debug */,
				0631C9EA28E3542C0075D03A /* Release */,
			);
			defaultConfigurationIsVisible = 0;
			defaultConfigurationName = Release;
		};
/* End XCConfigurationList section */
	};
	rootObject = 0631C9B628E3542A0075D03A /* Project object */;
}
